// !$*UTF8*$!
{
	archiveVersion = 1;
	classes = {
	};
	objectVersion = 50;
	objects = {

/* Begin PBXBuildFile section */
		603A5C18252D06CD00E2B530 /* RootViewController.swift in Sources */ = {isa = PBXBuildFile; fileRef = 603A5C16252D06CD00E2B530 /* RootViewController.swift */; };
		603A5C19252D06CD00E2B530 /* RootViewController.xib in Resources */ = {isa = PBXBuildFile; fileRef = 603A5C17252D06CD00E2B530 /* RootViewController.xib */; };
		603A5C1C252D0C4F00E2B530 /* LocationTableViewCell.swift in Sources */ = {isa = PBXBuildFile; fileRef = 603A5C1A252D0C4F00E2B530 /* LocationTableViewCell.swift */; };
		603A5C1D252D0C4F00E2B530 /* LocationTableViewCell.xib in Resources */ = {isa = PBXBuildFile; fileRef = 603A5C1B252D0C4F00E2B530 /* LocationTableViewCell.xib */; };
		6080F137252CD68A009FA4A2 /* AppDelegate.swift in Sources */ = {isa = PBXBuildFile; fileRef = 6080F136252CD68A009FA4A2 /* AppDelegate.swift */; };
		6080F139252CD68A009FA4A2 /* SceneDelegate.swift in Sources */ = {isa = PBXBuildFile; fileRef = 6080F138252CD68A009FA4A2 /* SceneDelegate.swift */; };
		6080F140252CD68E009FA4A2 /* Assets.xcassets in Resources */ = {isa = PBXBuildFile; fileRef = 6080F13F252CD68E009FA4A2 /* Assets.xcassets */; };
		6080F143252CD68E009FA4A2 /* LaunchScreen.storyboard in Resources */ = {isa = PBXBuildFile; fileRef = 6080F141252CD68E009FA4A2 /* LaunchScreen.storyboard */; };
		6080F14E252CD68E009FA4A2 /* MobileAssignmentPSTests.swift in Sources */ = {isa = PBXBuildFile; fileRef = 6080F14D252CD68E009FA4A2 /* MobileAssignmentPSTests.swift */; };
		6080F15F252CDF8D009FA4A2 /* Location.swift in Sources */ = {isa = PBXBuildFile; fileRef = 6080F15E252CDF8D009FA4A2 /* Location.swift */; };
		6080F162252CE1CD009FA4A2 /* NetworkManager.swift in Sources */ = {isa = PBXBuildFile; fileRef = 6080F161252CE1CD009FA4A2 /* NetworkManager.swift */; };
		608C4019252D26D300C8B740 /* LocationDetailViewController.swift in Sources */ = {isa = PBXBuildFile; fileRef = 608C4017252D26D300C8B740 /* LocationDetailViewController.swift */; };
		608C401A252D26D300C8B740 /* LocationDetailViewController.xib in Resources */ = {isa = PBXBuildFile; fileRef = 608C4018252D26D300C8B740 /* LocationDetailViewController.xib */; };
		608C401C252D283700C8B740 /* Extras.swift in Sources */ = {isa = PBXBuildFile; fileRef = 608C401B252D283700C8B740 /* Extras.swift */; };
/* End PBXBuildFile section */

/* Begin PBXContainerItemProxy section */
		6080F14A252CD68E009FA4A2 /* PBXContainerItemProxy */ = {
			isa = PBXContainerItemProxy;
			containerPortal = 6080F12B252CD68A009FA4A2 /* Project object */;
			proxyType = 1;
			remoteGlobalIDString = 6080F132252CD68A009FA4A2;
			remoteInfo = MobileAssignmentPS;
		};
/* End PBXContainerItemProxy section */

/* Begin PBXFileReference section */
		603A5C16252D06CD00E2B530 /* RootViewController.swift */ = {isa = PBXFileReference; lastKnownFileType = sourcecode.swift; path = RootViewController.swift; sourceTree = "<group>"; };
		603A5C17252D06CD00E2B530 /* RootViewController.xib */ = {isa = PBXFileReference; lastKnownFileType = file.xib; path = RootViewController.xib; sourceTree = "<group>"; };
		603A5C1A252D0C4F00E2B530 /* LocationTableViewCell.swift */ = {isa = PBXFileReference; lastKnownFileType = sourcecode.swift; path = LocationTableViewCell.swift; sourceTree = "<group>"; };
		603A5C1B252D0C4F00E2B530 /* LocationTableViewCell.xib */ = {isa = PBXFileReference; lastKnownFileType = file.xib; path = LocationTableViewCell.xib; sourceTree = "<group>"; };
		6080F133252CD68A009FA4A2 /* MobileAssignmentPS.app */ = {isa = PBXFileReference; explicitFileType = wrapper.application; includeInIndex = 0; path = MobileAssignmentPS.app; sourceTree = BUILT_PRODUCTS_DIR; };
		6080F136252CD68A009FA4A2 /* AppDelegate.swift */ = {isa = PBXFileReference; lastKnownFileType = sourcecode.swift; path = AppDelegate.swift; sourceTree = "<group>"; };
		6080F138252CD68A009FA4A2 /* SceneDelegate.swift */ = {isa = PBXFileReference; lastKnownFileType = sourcecode.swift; path = SceneDelegate.swift; sourceTree = "<group>"; };
		6080F13F252CD68E009FA4A2 /* Assets.xcassets */ = {isa = PBXFileReference; lastKnownFileType = folder.assetcatalog; path = Assets.xcassets; sourceTree = "<group>"; };
		6080F142252CD68E009FA4A2 /* Base */ = {isa = PBXFileReference; lastKnownFileType = file.storyboard; name = Base; path = Base.lproj/LaunchScreen.storyboard; sourceTree = "<group>"; };
		6080F144252CD68E009FA4A2 /* Info.plist */ = {isa = PBXFileReference; lastKnownFileType = text.plist.xml; path = Info.plist; sourceTree = "<group>"; };
		6080F149252CD68E009FA4A2 /* MobileAssignmentPSTests.xctest */ = {isa = PBXFileReference; explicitFileType = wrapper.cfbundle; includeInIndex = 0; path = MobileAssignmentPSTests.xctest; sourceTree = BUILT_PRODUCTS_DIR; };
		6080F14D252CD68E009FA4A2 /* MobileAssignmentPSTests.swift */ = {isa = PBXFileReference; lastKnownFileType = sourcecode.swift; path = MobileAssignmentPSTests.swift; sourceTree = "<group>"; };
		6080F14F252CD68E009FA4A2 /* Info.plist */ = {isa = PBXFileReference; lastKnownFileType = text.plist.xml; path = Info.plist; sourceTree = "<group>"; };
		6080F15E252CDF8D009FA4A2 /* Location.swift */ = {isa = PBXFileReference; lastKnownFileType = sourcecode.swift; path = Location.swift; sourceTree = "<group>"; };
		6080F161252CE1CD009FA4A2 /* NetworkManager.swift */ = {isa = PBXFileReference; lastKnownFileType = sourcecode.swift; path = NetworkManager.swift; sourceTree = "<group>"; };
		608C4017252D26D300C8B740 /* LocationDetailViewController.swift */ = {isa = PBXFileReference; lastKnownFileType = sourcecode.swift; path = LocationDetailViewController.swift; sourceTree = "<group>"; };
		608C4018252D26D300C8B740 /* LocationDetailViewController.xib */ = {isa = PBXFileReference; lastKnownFileType = file.xib; path = LocationDetailViewController.xib; sourceTree = "<group>"; };
		608C401B252D283700C8B740 /* Extras.swift */ = {isa = PBXFileReference; lastKnownFileType = sourcecode.swift; path = Extras.swift; sourceTree = "<group>"; };
/* End PBXFileReference section */

/* Begin PBXFrameworksBuildPhase section */
		6080F130252CD68A009FA4A2 /* Frameworks */ = {
			isa = PBXFrameworksBuildPhase;
			buildActionMask = 2147483647;
			files = (
			);
			runOnlyForDeploymentPostprocessing = 0;
		};
		6080F146252CD68E009FA4A2 /* Frameworks */ = {
			isa = PBXFrameworksBuildPhase;
			buildActionMask = 2147483647;
			files = (
			);
			runOnlyForDeploymentPostprocessing = 0;
		};
/* End PBXFrameworksBuildPhase section */

/* Begin PBXGroup section */
		6080F12A252CD68A009FA4A2 = {
			isa = PBXGroup;
			children = (
				6080F135252CD68A009FA4A2 /* MobileAssignmentPS */,
				6080F14C252CD68E009FA4A2 /* MobileAssignmentPSTests */,
				6080F134252CD68A009FA4A2 /* Products */,
			);
			sourceTree = "<group>";
		};
		6080F134252CD68A009FA4A2 /* Products */ = {
			isa = PBXGroup;
			children = (
				6080F133252CD68A009FA4A2 /* MobileAssignmentPS.app */,
				6080F149252CD68E009FA4A2 /* MobileAssignmentPSTests.xctest */,
			);
			name = Products;
			sourceTree = "<group>";
		};
		6080F135252CD68A009FA4A2 /* MobileAssignmentPS */ = {
			isa = PBXGroup;
			children = (
				6080F160252CE0F1009FA4A2 /* Networking */,
				6080F159252CDC9B009FA4A2 /* ControllersAndViews */,
				6080F158252CDC7E009FA4A2 /* Models */,
				608C401B252D283700C8B740 /* Extras.swift */,
				6080F136252CD68A009FA4A2 /* AppDelegate.swift */,
				6080F138252CD68A009FA4A2 /* SceneDelegate.swift */,
				6080F141252CD68E009FA4A2 /* LaunchScreen.storyboard */,
				6080F13F252CD68E009FA4A2 /* Assets.xcassets */,
				6080F144252CD68E009FA4A2 /* Info.plist */,
			);
			path = MobileAssignmentPS;
			sourceTree = "<group>";
		};
		6080F14C252CD68E009FA4A2 /* MobileAssignmentPSTests */ = {
			isa = PBXGroup;
			children = (
				6080F14D252CD68E009FA4A2 /* MobileAssignmentPSTests.swift */,
				6080F14F252CD68E009FA4A2 /* Info.plist */,
			);
			path = MobileAssignmentPSTests;
			sourceTree = "<group>";
		};
		6080F158252CDC7E009FA4A2 /* Models */ = {
			isa = PBXGroup;
			children = (
				6080F15E252CDF8D009FA4A2 /* Location.swift */,
			);
			path = Models;
			sourceTree = "<group>";
		};
		6080F159252CDC9B009FA4A2 /* ControllersAndViews */ = {
			isa = PBXGroup;
			children = (
				603A5C16252D06CD00E2B530 /* RootViewController.swift */,
				603A5C17252D06CD00E2B530 /* RootViewController.xib */,
				608C4017252D26D300C8B740 /* LocationDetailViewController.swift */,
				608C4018252D26D300C8B740 /* LocationDetailViewController.xib */,
				603A5C1A252D0C4F00E2B530 /* LocationTableViewCell.swift */,
				603A5C1B252D0C4F00E2B530 /* LocationTableViewCell.xib */,
			);
			path = ControllersAndViews;
			sourceTree = "<group>";
		};
		6080F160252CE0F1009FA4A2 /* Networking */ = {
			isa = PBXGroup;
			children = (
				6080F161252CE1CD009FA4A2 /* NetworkManager.swift */,
			);
			path = Networking;
			sourceTree = "<group>";
		};
/* End PBXGroup section */

/* Begin PBXNativeTarget section */
		6080F132252CD68A009FA4A2 /* MobileAssignmentPS */ = {
			isa = PBXNativeTarget;
			buildConfigurationList = 6080F152252CD68E009FA4A2 /* Build configuration list for PBXNativeTarget "MobileAssignmentPS" */;
			buildPhases = (
				6080F12F252CD68A009FA4A2 /* Sources */,
				6080F130252CD68A009FA4A2 /* Frameworks */,
				6080F131252CD68A009FA4A2 /* Resources */,
			);
			buildRules = (
			);
			dependencies = (
			);
			name = MobileAssignmentPS;
			productName = MobileAssignmentPS;
			productReference = 6080F133252CD68A009FA4A2 /* MobileAssignmentPS.app */;
			productType = "com.apple.product-type.application";
		};
		6080F148252CD68E009FA4A2 /* MobileAssignmentPSTests */ = {
			isa = PBXNativeTarget;
			buildConfigurationList = 6080F155252CD68E009FA4A2 /* Build configuration list for PBXNativeTarget "MobileAssignmentPSTests" */;
			buildPhases = (
				6080F145252CD68E009FA4A2 /* Sources */,
				6080F146252CD68E009FA4A2 /* Frameworks */,
				6080F147252CD68E009FA4A2 /* Resources */,
			);
			buildRules = (
			);
			dependencies = (
				6080F14B252CD68E009FA4A2 /* PBXTargetDependency */,
			);
			name = MobileAssignmentPSTests;
			productName = MobileAssignmentPSTests;
			productReference = 6080F149252CD68E009FA4A2 /* MobileAssignmentPSTests.xctest */;
			productType = "com.apple.product-type.bundle.unit-test";
		};
/* End PBXNativeTarget section */

/* Begin PBXProject section */
		6080F12B252CD68A009FA4A2 /* Project object */ = {
			isa = PBXProject;
			attributes = {
				LastSwiftUpdateCheck = 1150;
				LastUpgradeCheck = 1150;
				ORGANIZATIONNAME = "Matías Gil Echavarría";
				TargetAttributes = {
					6080F132252CD68A009FA4A2 = {
						CreatedOnToolsVersion = 11.5;
					};
					6080F148252CD68E009FA4A2 = {
						CreatedOnToolsVersion = 11.5;
						TestTargetID = 6080F132252CD68A009FA4A2;
					};
				};
			};
			buildConfigurationList = 6080F12E252CD68A009FA4A2 /* Build configuration list for PBXProject "MobileAssignmentPS" */;
			compatibilityVersion = "Xcode 9.3";
			developmentRegion = en;
			hasScannedForEncodings = 0;
			knownRegions = (
				en,
				Base,
			);
			mainGroup = 6080F12A252CD68A009FA4A2;
			productRefGroup = 6080F134252CD68A009FA4A2 /* Products */;
			projectDirPath = "";
			projectRoot = "";
			targets = (
				6080F132252CD68A009FA4A2 /* MobileAssignmentPS */,
				6080F148252CD68E009FA4A2 /* MobileAssignmentPSTests */,
			);
		};
/* End PBXProject section */

/* Begin PBXResourcesBuildPhase section */
		6080F131252CD68A009FA4A2 /* Resources */ = {
			isa = PBXResourcesBuildPhase;
			buildActionMask = 2147483647;
			files = (
				6080F143252CD68E009FA4A2 /* LaunchScreen.storyboard in Resources */,
				6080F140252CD68E009FA4A2 /* Assets.xcassets in Resources */,
				608C401A252D26D300C8B740 /* LocationDetailViewController.xib in Resources */,
				603A5C1D252D0C4F00E2B530 /* LocationTableViewCell.xib in Resources */,
				603A5C19252D06CD00E2B530 /* RootViewController.xib in Resources */,
			);
			runOnlyForDeploymentPostprocessing = 0;
		};
		6080F147252CD68E009FA4A2 /* Resources */ = {
			isa = PBXResourcesBuildPhase;
			buildActionMask = 2147483647;
			files = (
			);
			runOnlyForDeploymentPostprocessing = 0;
		};
/* End PBXResourcesBuildPhase section */

/* Begin PBXSourcesBuildPhase section */
		6080F12F252CD68A009FA4A2 /* Sources */ = {
			isa = PBXSourcesBuildPhase;
			buildActionMask = 2147483647;
			files = (
				603A5C1C252D0C4F00E2B530 /* LocationTableViewCell.swift in Sources */,
				603A5C18252D06CD00E2B530 /* RootViewController.swift in Sources */,
				608C4019252D26D300C8B740 /* LocationDetailViewController.swift in Sources */,
				6080F137252CD68A009FA4A2 /* AppDelegate.swift in Sources */,
				6080F139252CD68A009FA4A2 /* SceneDelegate.swift in Sources */,
				6080F162252CE1CD009FA4A2 /* NetworkManager.swift in Sources */,
				608C401C252D283700C8B740 /* Extras.swift in Sources */,
				6080F15F252CDF8D009FA4A2 /* Location.swift in Sources */,
			);
			runOnlyForDeploymentPostprocessing = 0;
		};
		6080F145252CD68E009FA4A2 /* Sources */ = {
			isa = PBXSourcesBuildPhase;
			buildActionMask = 2147483647;
			files = (
				6080F14E252CD68E009FA4A2 /* MobileAssignmentPSTests.swift in Sources */,
			);
			runOnlyForDeploymentPostprocessing = 0;
		};
/* End PBXSourcesBuildPhase section */

/* Begin PBXTargetDependency section */
		6080F14B252CD68E009FA4A2 /* PBXTargetDependency */ = {
			isa = PBXTargetDependency;
			target = 6080F132252CD68A009FA4A2 /* MobileAssignmentPS */;
			targetProxy = 6080F14A252CD68E009FA4A2 /* PBXContainerItemProxy */;
		};
/* End PBXTargetDependency section */

/* Begin PBXVariantGroup section */
		6080F141252CD68E009FA4A2 /* LaunchScreen.storyboard */ = {
			isa = PBXVariantGroup;
			children = (
				6080F142252CD68E009FA4A2 /* Base */,
			);
			name = LaunchScreen.storyboard;
			sourceTree = "<group>";
		};
/* End PBXVariantGroup section */

/* Begin XCBuildConfiguration section */
		6080F150252CD68E009FA4A2 /* Debug */ = {
			isa = XCBuildConfiguration;
			buildSettings = {
				ALWAYS_SEARCH_USER_PATHS = NO;
				CLANG_ANALYZER_NONNULL = YES;
				CLANG_ANALYZER_NUMBER_OBJECT_CONVERSION = YES_AGGRESSIVE;
				CLANG_CXX_LANGUAGE_STANDARD = "gnu++14";
				CLANG_CXX_LIBRARY = "libc++";
				CLANG_ENABLE_MODULES = YES;
				CLANG_ENABLE_OBJC_ARC = YES;
				CLANG_ENABLE_OBJC_WEAK = YES;
				CLANG_WARN_BLOCK_CAPTURE_AUTORELEASING = YES;
				CLANG_WARN_BOOL_CONVERSION = YES;
				CLANG_WARN_COMMA = YES;
				CLANG_WARN_CONSTANT_CONVERSION = YES;
				CLANG_WARN_DEPRECATED_OBJC_IMPLEMENTATIONS = YES;
				CLANG_WARN_DIRECT_OBJC_ISA_USAGE = YES_ERROR;
				CLANG_WARN_DOCUMENTATION_COMMENTS = YES;
				CLANG_WARN_EMPTY_BODY = YES;
				CLANG_WARN_ENUM_CONVERSION = YES;
				CLANG_WARN_INFINITE_RECURSION = YES;
				CLANG_WARN_INT_CONVERSION = YES;
				CLANG_WARN_NON_LITERAL_NULL_CONVERSION = YES;
				CLANG_WARN_OBJC_IMPLICIT_RETAIN_SELF = YES;
				CLANG_WARN_OBJC_LITERAL_CONVERSION = YES;
				CLANG_WARN_OBJC_ROOT_CLASS = YES_ERROR;
				CLANG_WARN_RANGE_LOOP_ANALYSIS = YES;
				CLANG_WARN_STRICT_PROTOTYPES = YES;
				CLANG_WARN_SUSPICIOUS_MOVE = YES;
				CLANG_WARN_UNGUARDED_AVAILABILITY = YES_AGGRESSIVE;
				CLANG_WARN_UNREACHABLE_CODE = YES;
				CLANG_WARN__DUPLICATE_METHOD_MATCH = YES;
				COPY_PHASE_STRIP = NO;
				DEBUG_INFORMATION_FORMAT = dwarf;
				ENABLE_STRICT_OBJC_MSGSEND = YES;
				ENABLE_TESTABILITY = YES;
				GCC_C_LANGUAGE_STANDARD = gnu11;
				GCC_DYNAMIC_NO_PIC = NO;
				GCC_NO_COMMON_BLOCKS = YES;
				GCC_OPTIMIZATION_LEVEL = 0;
				GCC_PREPROCESSOR_DEFINITIONS = (
					"DEBUG=1",
					"$(inherited)",
				);
				GCC_WARN_64_TO_32_BIT_CONVERSION = YES;
				GCC_WARN_ABOUT_RETURN_TYPE = YES_ERROR;
				GCC_WARN_UNDECLARED_SELECTOR = YES;
				GCC_WARN_UNINITIALIZED_AUTOS = YES_AGGRESSIVE;
				GCC_WARN_UNUSED_FUNCTION = YES;
				GCC_WARN_UNUSED_VARIABLE = YES;
				IPHONEOS_DEPLOYMENT_TARGET = 13.5;
				MTL_ENABLE_DEBUG_INFO = INCLUDE_SOURCE;
				MTL_FAST_MATH = YES;
				ONLY_ACTIVE_ARCH = YES;
				SDKROOT = iphoneos;
				SWIFT_ACTIVE_COMPILATION_CONDITIONS = DEBUG;
				SWIFT_OPTIMIZATION_LEVEL = "-Onone";
			};
			name = Debug;
		};
		6080F151252CD68E009FA4A2 /* Release */ = {
			isa = XCBuildConfiguration;
			buildSettings = {
				ALWAYS_SEARCH_USER_PATHS = NO;
				CLANG_ANALYZER_NONNULL = YES;
				CLANG_ANALYZER_NUMBER_OBJECT_CONVERSION = YES_AGGRESSIVE;
				CLANG_CXX_LANGUAGE_STANDARD = "gnu++14";
				CLANG_CXX_LIBRARY = "libc++";
				CLANG_ENABLE_MODULES = YES;
				CLANG_ENABLE_OBJC_ARC = YES;
				CLANG_ENABLE_OBJC_WEAK = YES;
				CLANG_WARN_BLOCK_CAPTURE_AUTORELEASING = YES;
				CLANG_WARN_BOOL_CONVERSION = YES;
				CLANG_WARN_COMMA = YES;
				CLANG_WARN_CONSTANT_CONVERSION = YES;
				CLANG_WARN_DEPRECATED_OBJC_IMPLEMENTATIONS = YES;
				CLANG_WARN_DIRECT_OBJC_ISA_USAGE = YES_ERROR;
				CLANG_WARN_DOCUMENTATION_COMMENTS = YES;
				CLANG_WARN_EMPTY_BODY = YES;
				CLANG_WARN_ENUM_CONVERSION = YES;
				CLANG_WARN_INFINITE_RECURSION = YES;
				CLANG_WARN_INT_CONVERSION = YES;
				CLANG_WARN_NON_LITERAL_NULL_CONVERSION = YES;
				CLANG_WARN_OBJC_IMPLICIT_RETAIN_SELF = YES;
				CLANG_WARN_OBJC_LITERAL_CONVERSION = YES;
				CLANG_WARN_OBJC_ROOT_CLASS = YES_ERROR;
				CLANG_WARN_RANGE_LOOP_ANALYSIS = YES;
				CLANG_WARN_STRICT_PROTOTYPES = YES;
				CLANG_WARN_SUSPICIOUS_MOVE = YES;
				CLANG_WARN_UNGUARDED_AVAILABILITY = YES_AGGRESSIVE;
				CLANG_WARN_UNREACHABLE_CODE = YES;
				CLANG_WARN__DUPLICATE_METHOD_MATCH = YES;
				COPY_PHASE_STRIP = NO;
				DEBUG_INFORMATION_FORMAT = "dwarf-with-dsym";
				ENABLE_NS_ASSERTIONS = NO;
				ENABLE_STRICT_OBJC_MSGSEND = YES;
				GCC_C_LANGUAGE_STANDARD = gnu11;
				GCC_NO_COMMON_BLOCKS = YES;
				GCC_WARN_64_TO_32_BIT_CONVERSION = YES;
				GCC_WARN_ABOUT_RETURN_TYPE = YES_ERROR;
				GCC_WARN_UNDECLARED_SELECTOR = YES;
				GCC_WARN_UNINITIALIZED_AUTOS = YES_AGGRESSIVE;
				GCC_WARN_UNUSED_FUNCTION = YES;
				GCC_WARN_UNUSED_VARIABLE = YES;
				IPHONEOS_DEPLOYMENT_TARGET = 13.5;
				MTL_ENABLE_DEBUG_INFO = NO;
				MTL_FAST_MATH = YES;
				SDKROOT = iphoneos;
				SWIFT_COMPILATION_MODE = wholemodule;
				SWIFT_OPTIMIZATION_LEVEL = "-O";
				VALIDATE_PRODUCT = YES;
			};
			name = Release;
		};
		6080F153252CD68E009FA4A2 /* Debug */ = {
			isa = XCBuildConfiguration;
			buildSettings = {
				ASSETCATALOG_COMPILER_APPICON_NAME = AppIcon;
				CODE_SIGN_STYLE = Automatic;
				DEVELOPMENT_TEAM = R3VBVY6UCL;
				INFOPLIST_FILE = MobileAssignmentPS/Info.plist;
				LD_RUNPATH_SEARCH_PATHS = (
					"$(inherited)",
					"@executable_path/Frameworks",
				);
				PRODUCT_BUNDLE_IDENTIFIER = io.github.matiasdim.MobileAssignmentPS;
				PRODUCT_NAME = "$(TARGET_NAME)";
				SWIFT_VERSION = 5.0;
				TARGETED_DEVICE_FAMILY = "1,2";
			};
			name = Debug;
		};
		6080F154252CD68E009FA4A2 /* Release */ = {
			isa = XCBuildConfiguration;
			buildSettings = {
				ASSETCATALOG_COMPILER_APPICON_NAME = AppIcon;
				CODE_SIGN_STYLE = Automatic;
				DEVELOPMENT_TEAM = R3VBVY6UCL;
				INFOPLIST_FILE = MobileAssignmentPS/Info.plist;
				LD_RUNPATH_SEARCH_PATHS = (
					"$(inherited)",
					"@executable_path/Frameworks",
				);
				PRODUCT_BUNDLE_IDENTIFIER = io.github.matiasdim.MobileAssignmentPS;
				PRODUCT_NAME = "$(TARGET_NAME)";
				SWIFT_VERSION = 5.0;
				TARGETED_DEVICE_FAMILY = "1,2";
			};
			name = Release;
		};
		6080F156252CD68E009FA4A2 /* Debug */ = {
			isa = XCBuildConfiguration;
			buildSettings = {
				ALWAYS_EMBED_SWIFT_STANDARD_LIBRARIES = YES;
				BUNDLE_LOADER = "$(TEST_HOST)";
				CODE_SIGN_STYLE = Automatic;
				DEVELOPMENT_TEAM = R3VBVY6UCL;
				INFOPLIST_FILE = MobileAssignmentPSTests/Info.plist;
				IPHONEOS_DEPLOYMENT_TARGET = 13.5;
				LD_RUNPATH_SEARCH_PATHS = (
					"$(inherited)",
					"@executable_path/Frameworks",
					"@loader_path/Frameworks",
				);
				PRODUCT_BUNDLE_IDENTIFIER = io.github.matiasdim.MobileAssignmentPSTests;
				PRODUCT_NAME = "$(TARGET_NAME)";
				SWIFT_VERSION = 5.0;
				TARGETED_DEVICE_FAMILY = "1,2";
				TEST_HOST = "$(BUILT_PRODUCTS_DIR)/MobileAssignmentPS.app/MobileAssignmentPS";
			};
			name = Debug;
		};
		6080F157252CD68E009FA4A2 /* Release */ = {
			isa = XCBuildConfiguration;
			buildSettings = {
				ALWAYS_EMBED_SWIFT_STANDARD_LIBRARIES = YES;
				BUNDLE_LOADER = "$(TEST_HOST)";
				CODE_SIGN_STYLE = Automatic;
				DEVELOPMENT_TEAM = R3VBVY6UCL;
				INFOPLIST_FILE = MobileAssignmentPSTests/Info.plist;
				IPHONEOS_DEPLOYMENT_TARGET = 13.5;
				LD_RUNPATH_SEARCH_PATHS = (
					"$(inherited)",
					"@executable_path/Frameworks",
					"@loader_path/Frameworks",
				);
				PRODUCT_BUNDLE_IDENTIFIER = io.github.matiasdim.MobileAssignmentPSTests;
				PRODUCT_NAME = "$(TARGET_NAME)";
				SWIFT_VERSION = 5.0;
				TARGETED_DEVICE_FAMILY = "1,2";
				TEST_HOST = "$(BUILT_PRODUCTS_DIR)/MobileAssignmentPS.app/MobileAssignmentPS";
			};
			name = Release;
		};
/* End XCBuildConfiguration section */

/* Begin XCConfigurationList section */
		6080F12E252CD68A009FA4A2 /* Build configuration list for PBXProject "MobileAssignmentPS" */ = {
			isa = XCConfigurationList;
			buildConfigurations = (
				6080F150252CD68E009FA4A2 /* Debug */,
				6080F151252CD68E009FA4A2 /* Release */,
			);
			defaultConfigurationIsVisible = 0;
			defaultConfigurationName = Release;
		};
		6080F152252CD68E009FA4A2 /* Build configuration list for PBXNativeTarget "MobileAssignmentPS" */ = {
			isa = XCConfigurationList;
			buildConfigurations = (
				6080F153252CD68E009FA4A2 /* Debug */,
				6080F154252CD68E009FA4A2 /* Release */,
			);
			defaultConfigurationIsVisible = 0;
			defaultConfigurationName = Release;
		};
		6080F155252CD68E009FA4A2 /* Build configuration list for PBXNativeTarget "MobileAssignmentPSTests" */ = {
			isa = XCConfigurationList;
			buildConfigurations = (
				6080F156252CD68E009FA4A2 /* Debug */,
				6080F157252CD68E009FA4A2 /* Release */,
			);
			defaultConfigurationIsVisible = 0;
			defaultConfigurationName = Release;
		};
/* End XCConfigurationList section */
	};
	rootObject = 6080F12B252CD68A009FA4A2 /* Project object */;
}
